
Microsoft Visual Studio Solution File, Format Version 12.00
# Visual Studio 15
VisualStudioVersion = 15.0.27130.2036
MinimumVisualStudioVersion = 10.0.40219.1
Project("{FAE04EC0-301F-11D3-BF4B-00C04F79EFBC}") = "RSSAnalyzing", "RSSAnalyzing\RSSAnalyzing.csproj", "{9B88BDDE-B029-4F51-9928-FCF131BAD8AF}"
EndProject
Project("{FAE04EC0-301F-11D3-BF4B-00C04F79EFBC}") = "RSSAnalyzing.Tests", "RSSAnalyzing.Tests\RSSAnalyzing.Tests.csproj", "{B4BF06DE-CC0E-4EEF-A335-DE56E64C1684}"
EndProject
Global
	GlobalSection(SolutionConfigurationPlatforms) = preSolution
		Debug|Any CPU = Debug|Any CPU
		Release|Any CPU = Release|Any CPU
	EndGlobalSection
	GlobalSection(ProjectConfigurationPlatforms) = postSolution
		{9B88BDDE-B029-4F51-9928-FCF131BAD8AF}.Debug|Any CPU.ActiveCfg = Debug|Any CPU
		{9B88BDDE-B029-4F51-9928-FCF131BAD8AF}.Debug|Any CPU.Build.0 = Debug|Any CPU
		{9B88BDDE-B029-4F51-9928-FCF131BAD8AF}.Release|Any CPU.ActiveCfg = Release|Any CPU
		{9B88BDDE-B029-4F51-9928-FCF131BAD8AF}.Release|Any CPU.Build.0 = Release|Any CPU
		{B4BF06DE-CC0E-4EEF-A335-DE56E64C1684}.Debug|Any CPU.ActiveCfg = Debug|Any CPU
		{B4BF06DE-CC0E-4EEF-A335-DE56E64C1684}.Debug|Any CPU.Build.0 = Debug|Any CPU
		{B4BF06DE-CC0E-4EEF-A335-DE56E64C1684}.Release|Any CPU.ActiveCfg = Release|Any CPU
		{B4BF06DE-CC0E-4EEF-A335-DE56E64C1684}.Release|Any CPU.Build.0 = Release|Any CPU
	EndGlobalSection
	GlobalSection(SolutionProperties) = preSolution
		HideSolutionNode = FALSE
	EndGlobalSection
	GlobalSection(ExtensibilityGlobals) = postSolution
		SolutionGuid = {D6AFC131-2192-46F0-AD7C-E660B1C1F4F1}
	EndGlobalSection
EndGlobal
